
Microsoft Visual Studio Solution File, Format Version 12.00
# Visual Studio 14
VisualStudioVersion = 14.0.25420.1
MinimumVisualStudioVersion = 10.0.40219.1
Project("{FAE04EC0-301F-11D3-BF4B-00C04F79EFBC}") = "计算服务", "计算服务\计算服务.csproj", "{69CDF0BA-6A58-42BB-BBF5-7F6D8B774A7E}"
EndProject
Project("{FAE04EC0-301F-11D3-BF4B-00C04F79EFBC}") = "管理网站", "管理网站\管理网站.csproj", "{BED81EB4-D8F1-48BD-966C-EDEA7F3B303D}"
EndProject
Project("{FAE04EC0-301F-11D3-BF4B-00C04F79EFBC}") = "Web操作类库", "Web操作类库\Web操作类库.csproj", "{9CF3721B-FFEC-4C0F-86D5-D31A2B8844F0}"
EndProject
Project("{FAE04EC0-301F-11D3-BF4B-00C04F79EFBC}") = "计算操作类库", "计算操作类库\计算操作类库.csproj", "{E13F7840-556C-4043-BBC0-52C175F73C71}"
EndProject
Project("{FAE04EC0-301F-11D3-BF4B-00C04F79EFBC}") = "基础类库", "基础类库\基础类库.csproj", "{3E2D9137-C437-43A2-81A4-9A7C3D9411AC}"
EndProject
Project("{FAE04EC0-301F-11D3-BF4B-00C04F79EFBC}") = "Dal", "Dal\Dal.csproj", "{6DD24447-B1C9-4AFA-9315-934E569E05C2}"
EndProject
Project("{6141683F-8A12-4E36-9623-2EB02B2C2303}") = "JTFW1.0", "JTFW1.0\JTFW1.0.isproj", "{FEAF20A7-BA32-4E42-86CB-72DCE2D92017}"
	ProjectSection(ProjectDependencies) = postProject
		{E13F7840-556C-4043-BBC0-52C175F73C71} = {E13F7840-556C-4043-BBC0-52C175F73C71}
		{6DD24447-B1C9-4AFA-9315-934E569E05C2} = {6DD24447-B1C9-4AFA-9315-934E569E05C2}
		{69CDF0BA-6A58-42BB-BBF5-7F6D8B774A7E} = {69CDF0BA-6A58-42BB-BBF5-7F6D8B774A7E}
	EndProjectSection
EndProject
Global
	GlobalSection(SolutionConfigurationPlatforms) = preSolution
		CD_ROM|Any CPU = CD_ROM|Any CPU
		Debug|Any CPU = Debug|Any CPU
		DVD-5|Any CPU = DVD-5|Any CPU
		Release|Any CPU = Release|Any CPU
		SingleImage|Any CPU = SingleImage|Any CPU
	EndGlobalSection
	GlobalSection(ProjectConfigurationPlatforms) = postSolution
		{69CDF0BA-6A58-42BB-BBF5-7F6D8B774A7E}.CD_ROM|Any CPU.ActiveCfg = Release|Any CPU
		{69CDF0BA-6A58-42BB-BBF5-7F6D8B774A7E}.CD_ROM|Any CPU.Build.0 = Release|Any CPU
		{69CDF0BA-6A58-42BB-BBF5-7F6D8B774A7E}.Debug|Any CPU.ActiveCfg = Debug|Any CPU
		{69CDF0BA-6A58-42BB-BBF5-7F6D8B774A7E}.Debug|Any CPU.Build.0 = Debug|Any CPU
		{69CDF0BA-6A58-42BB-BBF5-7F6D8B774A7E}.DVD-5|Any CPU.ActiveCfg = Debug|Any CPU
		{69CDF0BA-6A58-42BB-BBF5-7F6D8B774A7E}.DVD-5|Any CPU.Build.0 = Debug|Any CPU
		{69CDF0BA-6A58-42BB-BBF5-7F6D8B774A7E}.Release|Any CPU.ActiveCfg = Release|Any CPU
		{69CDF0BA-6A58-42BB-BBF5-7F6D8B774A7E}.Release|Any CPU.Build.0 = Release|Any CPU
		{69CDF0BA-6A58-42BB-BBF5-7F6D8B774A7E}.SingleImage|Any CPU.ActiveCfg = Release|Any CPU
		{69CDF0BA-6A58-42BB-BBF5-7F6D8B774A7E}.SingleImage|Any CPU.Build.0 = Release|Any CPU
		{BED81EB4-D8F1-48BD-966C-EDEA7F3B303D}.CD_ROM|Any CPU.ActiveCfg = Release|Any CPU
		{BED81EB4-D8F1-48BD-966C-EDEA7F3B303D}.CD_ROM|Any CPU.Build.0 = Release|Any CPU
		{BED81EB4-D8F1-48BD-966C-EDEA7F3B303D}.Debug|Any CPU.ActiveCfg = Debug|Any CPU
		{BED81EB4-D8F1-48BD-966C-EDEA7F3B303D}.Debug|Any CPU.Build.0 = Debug|Any CPU
		{BED81EB4-D8F1-48BD-966C-EDEA7F3B303D}.DVD-5|Any CPU.ActiveCfg = Debug|Any CPU
		{BED81EB4-D8F1-48BD-966C-EDEA7F3B303D}.DVD-5|Any CPU.Build.0 = Debug|Any CPU
		{BED81EB4-D8F1-48BD-966C-EDEA7F3B303D}.Release|Any CPU.ActiveCfg = Release|Any CPU
		{BED81EB4-D8F1-48BD-966C-EDEA7F3B303D}.Release|Any CPU.Build.0 = Release|Any CPU
		{BED81EB4-D8F1-48BD-966C-EDEA7F3B303D}.SingleImage|Any CPU.ActiveCfg = Release|Any CPU
		{BED81EB4-D8F1-48BD-966C-EDEA7F3B303D}.SingleImage|Any CPU.Build.0 = Release|Any CPU
		{9CF3721B-FFEC-4C0F-86D5-D31A2B8844F0}.CD_ROM|Any CPU.ActiveCfg = Release|Any CPU
		{9CF3721B-FFEC-4C0F-86D5-D31A2B8844F0}.CD_ROM|Any CPU.Build.0 = Release|Any CPU
		{9CF3721B-FFEC-4C0F-86D5-D31A2B8844F0}.Debug|Any CPU.ActiveCfg = Debug|Any CPU
		{9CF3721B-FFEC-4C0F-86D5-D31A2B8844F0}.Debug|Any CPU.Build.0 = Debug|Any CPU
		{9CF3721B-FFEC-4C0F-86D5-D31A2B8844F0}.DVD-5|Any CPU.ActiveCfg = Debug|Any CPU
		{9CF3721B-FFEC-4C0F-86D5-D31A2B8844F0}.DVD-5|Any CPU.Build.0 = Debug|Any CPU
		{9CF3721B-FFEC-4C0F-86D5-D31A2B8844F0}.Release|Any CPU.ActiveCfg = Release|Any CPU
		{9CF3721B-FFEC-4C0F-86D5-D31A2B8844F0}.Release|Any CPU.Build.0 = Release|Any CPU
		{9CF3721B-FFEC-4C0F-86D5-D31A2B8844F0}.SingleImage|Any CPU.ActiveCfg = Release|Any CPU
		{9CF3721B-FFEC-4C0F-86D5-D31A2B8844F0}.SingleImage|Any CPU.Build.0 = Release|Any CPU
		{E13F7840-556C-4043-BBC0-52C175F73C71}.CD_ROM|Any CPU.ActiveCfg = Release|Any CPU
		{E13F7840-556C-4043-BBC0-52C175F73C71}.CD_ROM|Any CPU.Build.0 = Release|Any CPU
		{E13F7840-556C-4043-BBC0-52C175F73C71}.Debug|Any CPU.ActiveCfg = Debug|Any CPU
		{E13F7840-556C-4043-BBC0-52C175F73C71}.Debug|Any CPU.Build.0 = Debug|Any CPU
		{E13F7840-556C-4043-BBC0-52C175F73C71}.DVD-5|Any CPU.ActiveCfg = Debug|Any CPU
		{E13F7840-556C-4043-BBC0-52C175F73C71}.DVD-5|Any CPU.Build.0 = Debug|Any CPU
		{E13F7840-556C-4043-BBC0-52C175F73C71}.Release|Any CPU.ActiveCfg = Release|Any CPU
		{E13F7840-556C-4043-BBC0-52C175F73C71}.Release|Any CPU.Build.0 = Release|Any CPU
		{E13F7840-556C-4043-BBC0-52C175F73C71}.SingleImage|Any CPU.ActiveCfg = Release|Any CPU
		{E13F7840-556C-4043-BBC0-52C175F73C71}.SingleImage|Any CPU.Build.0 = Release|Any CPU
		{3E2D9137-C437-43A2-81A4-9A7C3D9411AC}.CD_ROM|Any CPU.ActiveCfg = Release|Any CPU
		{3E2D9137-C437-43A2-81A4-9A7C3D9411AC}.CD_ROM|Any CPU.Build.0 = Release|Any CPU
		{3E2D9137-C437-43A2-81A4-9A7C3D9411AC}.Debug|Any CPU.ActiveCfg = Debug|Any CPU
		{3E2D9137-C437-43A2-81A4-9A7C3D9411AC}.Debug|Any CPU.Build.0 = Debug|Any CPU
		{3E2D9137-C437-43A2-81A4-9A7C3D9411AC}.DVD-5|Any CPU.ActiveCfg = Debug|Any CPU
		{3E2D9137-C437-43A2-81A4-9A7C3D9411AC}.DVD-5|Any CPU.Build.0 = Debug|Any CPU
		{3E2D9137-C437-43A2-81A4-9A7C3D9411AC}.Release|Any CPU.ActiveCfg = Release|Any CPU
		{3E2D9137-C437-43A2-81A4-9A7C3D9411AC}.Release|Any CPU.Build.0 = Release|Any CPU
		{3E2D9137-C437-43A2-81A4-9A7C3D9411AC}.SingleImage|Any CPU.ActiveCfg = Release|Any CPU
		{3E2D9137-C437-43A2-81A4-9A7C3D9411AC}.SingleImage|Any CPU.Build.0 = Release|Any CPU
		{6DD24447-B1C9-4AFA-9315-934E569E05C2}.CD_ROM|Any CPU.ActiveCfg = Release|Any CPU
		{6DD24447-B1C9-4AFA-9315-934E569E05C2}.CD_ROM|Any CPU.Build.0 = Release|Any CPU
		{6DD24447-B1C9-4AFA-9315-934E569E05C2}.Debug|Any CPU.ActiveCfg = Debug|Any CPU
		{6DD24447-B1C9-4AFA-9315-934E569E05C2}.Debug|Any CPU.Build.0 = Debug|Any CPU
		{6DD24447-B1C9-4AFA-9315-934E569E05C2}.DVD-5|Any CPU.ActiveCfg = Debug|Any CPU
		{6DD24447-B1C9-4AFA-9315-934E569E05C2}.DVD-5|Any CPU.Build.0 = Debug|Any CPU
		{6DD24447-B1C9-4AFA-9315-934E569E05C2}.Release|Any CPU.ActiveCfg = Release|Any CPU
		{6DD24447-B1C9-4AFA-9315-934E569E05C2}.Release|Any CPU.Build.0 = Release|Any CPU
		{6DD24447-B1C9-4AFA-9315-934E569E05C2}.SingleImage|Any CPU.ActiveCfg = Release|Any CPU
		{6DD24447-B1C9-4AFA-9315-934E569E05C2}.SingleImage|Any CPU.Build.0 = Release|Any CPU
		{FEAF20A7-BA32-4E42-86CB-72DCE2D92017}.CD_ROM|Any CPU.ActiveCfg = CD_ROM
		{FEAF20A7-BA32-4E42-86CB-72DCE2D92017}.CD_ROM|Any CPU.Build.0 = CD_ROM
		{FEAF20A7-BA32-4E42-86CB-72DCE2D92017}.Debug|Any CPU.ActiveCfg = DVD-5
		{FEAF20A7-BA32-4E42-86CB-72DCE2D92017}.Debug|Any CPU.Build.0 = DVD-5
		{FEAF20A7-BA32-4E42-86CB-72DCE2D92017}.DVD-5|Any CPU.ActiveCfg = DVD-5
		{FEAF20A7-BA32-4E42-86CB-72DCE2D92017}.DVD-5|Any CPU.Build.0 = DVD-5
		{FEAF20A7-BA32-4E42-86CB-72DCE2D92017}.Release|Any CPU.ActiveCfg = SingleImage
		{FEAF20A7-BA32-4E42-86CB-72DCE2D92017}.Release|Any CPU.Build.0 = SingleImage
		{FEAF20A7-BA32-4E42-86CB-72DCE2D92017}.SingleImage|Any CPU.ActiveCfg = SingleImage
		{FEAF20A7-BA32-4E42-86CB-72DCE2D92017}.SingleImage|Any CPU.Build.0 = SingleImage
	EndGlobalSection
	GlobalSection(SolutionProperties) = preSolution
		HideSolutionNode = FALSE
	EndGlobalSection
EndGlobal
